langcode: en
status: true
dependencies:
  module:
    - advanced_menu_condition
    - iq_commerce_ajax_cart
    - pagedesigner_block
  theme:
    - iq_custom
id: ajaxcartblock
theme: iq_custom
region: pagedesigner
weight: 0
provider: null
plugin: iq_commerce_ajax_cart_block
settings:
  id: iq_commerce_ajax_cart_block
  label: Warenkorb
  provider: iq_commerce_ajax_cart
  label_display: '0'
  ui_pattern: iq-commerce-ajax-cart-item
  block_id: block-ajaxcartblock
  cart_title: null
  link_title: 'Zum Warenkorb'
  button_title: null
  field_mapping: '"title:\r\n  value: title\r\nproduct_id:\r\n  value: purchased_entity.product_entity.product_id\r\nvariation_id:\r\n  value: purchased_entity.variation_id\r\nquantity:\r\n  value: quantity\r\nprice:\r\n  value: total_price.formatted\r\nimage_img:\r\n  value: purchased_entity.field_iq_commerce_images[0].field_media_image.url\r\n  fallback: purchased_entity.product_entity.field_iq_commerce_images[0].field_media_image.url\r\nlabel_quantity:\r\n  type: static\r\n  value: Anzahl Artikel\r\nlabel_remove_one:\r\n  type: static\r\n  value: Anzahl -1\r\nlabel_add_one:\r\n  type: static\r\n  value: Anzahl +1\r\nlabel_delete:\r\n  type: static\r\n  value: Artikel entfernen\r\n"'
  link: /cart
  label_total: Total
  label_cart_empty: 'Der Warenkorb ist leer.'
visibility:
  advanced_menu_position:
    id: advanced_menu_position
    menu_position:
      '': ''
    negate: null
    context_mapping: {  }
  advanced_menu_position_not:
    id: advanced_menu_position_not
    not_menu_position:
      '': ''
    negate: null
    context_mapping: {  }
  pagedesigner_condition:
    id: pagedesigner_condition
    pagedesigner_condition: 0
    negate: null
    context_mapping: {  }
